lockfileVersion: 5.4

specifiers:
  cnd: ^9.2.2
  guy: ^4.2.0
  hdml: ^2.1.0
  intertype: ^7.7.0

dependencies:
  cnd: 9.2.2
  guy: 4.2.0
  hdml: 2.1.0
  intertype: 7.7.0

packages:

  /cnd/9.2.2:
    resolution: {integrity: sha512-F+/H+7luk4fZkvN0+MT0I2nwn80YM/EtfMttNUFxENR50XJH4g0KgQevzeyEJ8B6t6l8Tb4Xti6QAksa8DmePA==}
    hasBin: true
    dependencies:
      jsx-number-format: 0.1.5
    dev: false

  /guy/3.1.0:
    resolution: {integrity: sha512-5bxlACi0FcjbF/hqDOs0nMyfPLQxzF9so8XJiTDv4g5xuWGOWMs7m/f2wIrstN6JsNlUJiGfxniHX9XoSfaZgg==}
    peerDependencies:
      deasync: ^0.1.22
    dependencies:
      cnd: 9.2.2
      intertype: 7.6.7
      letsfreezethat: 3.1.0
    dev: false

  /guy/4.2.0:
    resolution: {integrity: sha512-ppWljP+64o2qH0K1ia3Px9dBPftO4ILN23J9hLHQH+AcGfoBjGd2HDQGAc8rOx3RIyBiwObt8bFJiu0zXPtXmw==}
    dependencies:
      cnd: 9.2.2
      intertype: 7.6.7
      letsfreezethat: 3.1.0
    dev: false

  /hdml/2.1.0:
    resolution: {integrity: sha512-arD5W/guw0EELkxVZGk+iZLfHcbZ+9rp63QYYi5cE3StCNIBdhqdZRP5i73QFOAuq8bkHdDx8rhGAsFy//1VTw==}
    dependencies:
      cnd: 9.2.2
      guy: 3.1.0
      intertype: 7.7.0
    transitivePeerDependencies:
      - deasync
    dev: false

  /intertype/7.6.7:
    resolution: {integrity: sha512-vBgYabqxX3fLa9f0Z3QeXgYszadAGdAHXdLcdQc5ZxZSG5CmbJCdYcudZLYtgmNo8epQag8zzyg7wwx+OD5J8g==}
    dependencies:
      multimix: 5.0.0
    dev: false

  /intertype/7.7.0:
    resolution: {integrity: sha512-Sv923oXpq9In8/CuxP5KAKc3FIETOEl23ltwSfLOnn/8V8A5pDRlxWo0vhaA6p7WybRMgeZXsE4Etw98tWUMPA==}
    dependencies:
      multimix: 5.0.0
    dev: false

  /jsx-number-format/0.1.5:
    resolution: {integrity: sha512-eS1SvW5Lm+UQOrpxqtTF6NgPDupYlCV1GXJr+f/1yp+nwQH/4qW6XarwCcdphQjNHrJFC4ko2MgRyRDS/ypqZw==}
    dev: false

  /letsfreezethat/3.1.0:
    resolution: {integrity: sha512-jJ1nvvQi6unW0WifjNPMIb64Byom0EXzSKWFYA++EpyjK3qv1J2pqeSoEJ61tGJoNG0GoNjPoeLYhxW16riZaA==}
    dev: false

  /multimix/5.0.0:
    resolution: {integrity: sha512-N9cdGSDDD7kxOV7R6e4iZqsHTZ4F4iiSDWqMcVqx4gEH6HBtRXav39Gj3fgT1YqvBcwPCQuf0Oa5R2cDaLWK8A==}
    dev: false
